// !$*UTF8*$!
{
	archiveVersion = 1;
	classes = {
	};
	objectVersion = 56;
	objects = {

/* Begin PBXBuildFile section */
		9416E6D02B2418F1005A6930 /* SwiftUITabBarApp.swift in Sources */ = {isa = PBXBuildFile; fileRef = 9416E6CF2B2418F1005A6930 /* SwiftUITabBarApp.swift */; };
		9416E6D22B2418F1005A6930 /* ContentView.swift in Sources */ = {isa = PBXBuildFile; fileRef = 9416E6D12B2418F1005A6930 /* ContentView.swift */; };
		9416E6D42B2418F6005A6930 /* Assets.xcassets in Resources */ = {isa = PBXBuildFile; fileRef = 9416E6D32B2418F6005A6930 /* Assets.xcassets */; };
		9416E6D72B2418F6005A6930 /* Preview Assets.xcassets in Resources */ = {isa = PBXBuildFile; fileRef = 9416E6D62B2418F6005A6930 /* Preview Assets.xcassets */; };
		9416E6E12B2418F7005A6930 /* SwiftUITabBarTests.swift in Sources */ = {isa = PBXBuildFile; fileRef = 9416E6E02B2418F7005A6930 /* SwiftUITabBarTests.swift */; };
		9416E6EB2B2418F7005A6930 /* SwiftUITabBarUITests.swift in Sources */ = {isa = PBXBuildFile; fileRef = 9416E6EA2B2418F7005A6930 /* SwiftUITabBarUITests.swift */; };
		9416E6ED2B2418F7005A6930 /* SwiftUITabBarUITestsLaunchTests.swift in Sources */ = {isa = PBXBuildFile; fileRef = 9416E6EC2B2418F7005A6930 /* SwiftUITabBarUITestsLaunchTests.swift */; };
		9416E6FB2B2430E6005A6930 /* LKTabBarContainerView.swift in Sources */ = {isa = PBXBuildFile; fileRef = 9416E6FA2B2430E6005A6930 /* LKTabBarContainerView.swift */; };
		9416E6FD2B243359005A6930 /* LKTabBarView.swift in Sources */ = {isa = PBXBuildFile; fileRef = 9416E6FC2B243359005A6930 /* LKTabBarView.swift */; };
		9416E6FF2B24341B005A6930 /* LKTabBarItem.swift in Sources */ = {isa = PBXBuildFile; fileRef = 9416E6FE2B24341B005A6930 /* LKTabBarItem.swift */; };
		9416E7012B245B06005A6930 /* LKTitles.swift in Sources */ = {isa = PBXBuildFile; fileRef = 9416E7002B245B06005A6930 /* LKTitles.swift */; };
		9462EDC32B282F1300703572 /* HomeView.swift in Sources */ = {isa = PBXBuildFile; fileRef = 9462EDC22B282F1300703572 /* HomeView.swift */; };
		9462EDC52B2830E700703572 /* DetailsView.swift in Sources */ = {isa = PBXBuildFile; fileRef = 9462EDC42B2830E700703572 /* DetailsView.swift */; };
		949698482B27F6E3002391B7 /* LKShapedTabBarView.swift in Sources */ = {isa = PBXBuildFile; fileRef = 949698472B27F6E3002391B7 /* LKShapedTabBarView.swift */; };
		94E5CB5F2B26E67A00872C8B /* LKTabBarItemsPreferenceKey.swift in Sources */ = {isa = PBXBuildFile; fileRef = 94E5CB5E2B26E67A00872C8B /* LKTabBarItemsPreferenceKey.swift */; };
/* End PBXBuildFile section */

/* Begin PBXContainerItemProxy section */
		9416E6DD2B2418F7005A6930 /* PBXContainerItemProxy */ = {
			isa = PBXContainerItemProxy;
			containerPortal = 9416E6C42B2418F1005A6930 /* Project object */;
			proxyType = 1;
			remoteGlobalIDString = 9416E6CB2B2418F1005A6930;
			remoteInfo = SwiftUITabBar;
		};
		9416E6E72B2418F7005A6930 /* PBXContainerItemProxy */ = {
			isa = PBXContainerItemProxy;
			containerPortal = 9416E6C42B2418F1005A6930 /* Project object */;
			proxyType = 1;
			remoteGlobalIDString = 9416E6CB2B2418F1005A6930;
			remoteInfo = SwiftUITabBar;
		};
/* End PBXContainerItemProxy section */

/* Begin PBXFileReference section */
		9416E6CC2B2418F1005A6930 /* SwiftUITabBar.app */ = {isa = PBXFileReference; explicitFileType = wrapper.application; includeInIndex = 0; path = SwiftUITabBar.app; sourceTree = BUILT_PRODUCTS_DIR; };
		9416E6CF2B2418F1005A6930 /* SwiftUITabBarApp.swift */ = {isa = PBXFileReference; lastKnownFileType = sourcecode.swift; path = SwiftUITabBarApp.swift; sourceTree = "<group>"; };
		9416E6D12B2418F1005A6930 /* ContentView.swift */ = {isa = PBXFileReference; lastKnownFileType = sourcecode.swift; path = ContentView.swift; sourceTree = "<group>"; };
		9416E6D32B2418F6005A6930 /* Assets.xcassets */ = {isa = PBXFileReference; lastKnownFileType = folder.assetcatalog; path = Assets.xcassets; sourceTree = "<group>"; };
		9416E6D62B2418F6005A6930 /* Preview Assets.xcassets */ = {isa = PBXFileReference; lastKnownFileType = folder.assetcatalog; path = "Preview Assets.xcassets"; sourceTree = "<group>"; };
		9416E6DC2B2418F7005A6930 /* SwiftUITabBarTests.xctest */ = {isa = PBXFileReference; explicitFileType = wrapper.cfbundle; includeInIndex = 0; path = SwiftUITabBarTests.xctest; sourceTree = BUILT_PRODUCTS_DIR; };
		9416E6E02B2418F7005A6930 /* SwiftUITabBarTests.swift */ = {isa = PBXFileReference; lastKnownFileType = sourcecode.swift; path = SwiftUITabBarTests.swift; sourceTree = "<group>"; };
		9416E6E62B2418F7005A6930 /* SwiftUITabBarUITests.xctest */ = {isa = PBXFileReference; explicitFileType = wrapper.cfbundle; includeInIndex = 0; path = SwiftUITabBarUITests.xctest; sourceTree = BUILT_PRODUCTS_DIR; };
		9416E6EA2B2418F7005A6930 /* SwiftUITabBarUITests.swift */ = {isa = PBXFileReference; lastKnownFileType = sourcecode.swift; path = SwiftUITabBarUITests.swift; sourceTree = "<group>"; };
		9416E6EC2B2418F7005A6930 /* SwiftUITabBarUITestsLaunchTests.swift */ = {isa = PBXFileReference; lastKnownFileType = sourcecode.swift; path = SwiftUITabBarUITestsLaunchTests.swift; sourceTree = "<group>"; };
		9416E6FA2B2430E6005A6930 /* LKTabBarContainerView.swift */ = {isa = PBXFileReference; lastKnownFileType = sourcecode.swift; path = LKTabBarContainerView.swift; sourceTree = "<group>"; };
		9416E6FC2B243359005A6930 /* LKTabBarView.swift */ = {isa = PBXFileReference; lastKnownFileType = sourcecode.swift; path = LKTabBarView.swift; sourceTree = "<group>"; };
		9416E6FE2B24341B005A6930 /* LKTabBarItem.swift */ = {isa = PBXFileReference; lastKnownFileType = sourcecode.swift; path = LKTabBarItem.swift; sourceTree = "<group>"; };
		9416E7002B245B06005A6930 /* LKTitles.swift */ = {isa = PBXFileReference; lastKnownFileType = sourcecode.swift; path = LKTitles.swift; sourceTree = "<group>"; };
		9462EDC22B282F1300703572 /* HomeView.swift */ = {isa = PBXFileReference; lastKnownFileType = sourcecode.swift; path = HomeView.swift; sourceTree = "<group>"; };
		9462EDC42B2830E700703572 /* DetailsView.swift */ = {isa = PBXFileReference; lastKnownFileType = sourcecode.swift; path = DetailsView.swift; sourceTree = "<group>"; };
		949698472B27F6E3002391B7 /* LKShapedTabBarView.swift */ = {isa = PBXFileReference; lastKnownFileType = sourcecode.swift; path = LKShapedTabBarView.swift; sourceTree = "<group>"; };
		94E5CB5E2B26E67A00872C8B /* LKTabBarItemsPreferenceKey.swift */ = {isa = PBXFileReference; lastKnownFileType = sourcecode.swift; path = LKTabBarItemsPreferenceKey.swift; sourceTree = "<group>"; };
/* End PBXFileReference section */

/* Begin PBXFrameworksBuildPhase section */
		9416E6C92B2418F1005A6930 /* Frameworks */ = {
			isa = PBXFrameworksBuildPhase;
			buildActionMask = 2147483647;
			files = (
			);
			runOnlyForDeploymentPostprocessing = 0;
		};
		9416E6D92B2418F7005A6930 /* Frameworks */ = {
			isa = PBXFrameworksBuildPhase;
			buildActionMask = 2147483647;
			files = (
			);
			runOnlyForDeploymentPostprocessing = 0;
		};
		9416E6E32B2418F7005A6930 /* Frameworks */ = {
			isa = PBXFrameworksBuildPhase;
			buildActionMask = 2147483647;
			files = (
			);
			runOnlyForDeploymentPostprocessing = 0;
		};
/* End PBXFrameworksBuildPhase section */

/* Begin PBXGroup section */
		9416E6C32B2418F1005A6930 = {
			isa = PBXGroup;
			children = (
				9416E6CE2B2418F1005A6930 /* SwiftUITabBar */,
				9416E6DF2B2418F7005A6930 /* SwiftUITabBarTests */,
				9416E6E92B2418F7005A6930 /* SwiftUITabBarUITests */,
				9416E6CD2B2418F1005A6930 /* Products */,
			);
			sourceTree = "<group>";
		};
		9416E6CD2B2418F1005A6930 /* Products */ = {
			isa = PBXGroup;
			children = (
				9416E6CC2B2418F1005A6930 /* SwiftUITabBar.app */,
				9416E6DC2B2418F7005A6930 /* SwiftUITabBarTests.xctest */,
				9416E6E62B2418F7005A6930 /* SwiftUITabBarUITests.xctest */,
			);
			name = Products;
			sourceTree = "<group>";
		};
		9416E6CE2B2418F1005A6930 /* SwiftUITabBar */ = {
			isa = PBXGroup;
			children = (
				9416E6F92B2430CE005A6930 /* LKTabBar */,
				9416E6CF2B2418F1005A6930 /* SwiftUITabBarApp.swift */,
				9416E6D12B2418F1005A6930 /* ContentView.swift */,
				9462EDC22B282F1300703572 /* HomeView.swift */,
				9462EDC42B2830E700703572 /* DetailsView.swift */,
				9416E6D32B2418F6005A6930 /* Assets.xcassets */,
				9416E6D52B2418F6005A6930 /* Preview Content */,
			);
			path = SwiftUITabBar;
			sourceTree = "<group>";
		};
		9416E6D52B2418F6005A6930 /* Preview Content */ = {
			isa = PBXGroup;
			children = (
				9416E6D62B2418F6005A6930 /* Preview Assets.xcassets */,
			);
			path = "Preview Content";
			sourceTree = "<group>";
		};
		9416E6DF2B2418F7005A6930 /* SwiftUITabBarTests */ = {
			isa = PBXGroup;
			children = (
				9416E6E02B2418F7005A6930 /* SwiftUITabBarTests.swift */,
			);
			path = SwiftUITabBarTests;
			sourceTree = "<group>";
		};
		9416E6E92B2418F7005A6930 /* SwiftUITabBarUITests */ = {
			isa = PBXGroup;
			children = (
				9416E6EA2B2418F7005A6930 /* SwiftUITabBarUITests.swift */,
				9416E6EC2B2418F7005A6930 /* SwiftUITabBarUITestsLaunchTests.swift */,
			);
			path = SwiftUITabBarUITests;
			sourceTree = "<group>";
		};
		9416E6F92B2430CE005A6930 /* LKTabBar */ = {
			isa = PBXGroup;
			children = (
				9416E6FA2B2430E6005A6930 /* LKTabBarContainerView.swift */,
				9416E6FC2B243359005A6930 /* LKTabBarView.swift */,
				949698472B27F6E3002391B7 /* LKShapedTabBarView.swift */,
				9416E6FE2B24341B005A6930 /* LKTabBarItem.swift */,
				9416E7002B245B06005A6930 /* LKTitles.swift */,
				94E5CB5E2B26E67A00872C8B /* LKTabBarItemsPreferenceKey.swift */,
			);
			path = LKTabBar;
			sourceTree = "<group>";
		};
/* End PBXGroup section */

/* Begin PBXNativeTarget section */
		9416E6CB2B2418F1005A6930 /* SwiftUITabBar */ = {
			isa = PBXNativeTarget;
			buildConfigurationList = 9416E6F02B2418F7005A6930 /* Build configuration list for PBXNativeTarget "SwiftUITabBar" */;
			buildPhases = (
				9416E6C82B2418F1005A6930 /* Sources */,
				9416E6C92B2418F1005A6930 /* Frameworks */,
				9416E6CA2B2418F1005A6930 /* Resources */,
			);
			buildRules = (
			);
			dependencies = (
			);
			name = SwiftUITabBar;
			productName = SwiftUITabBar;
			productReference = 9416E6CC2B2418F1005A6930 /* SwiftUITabBar.app */;
			productType = "com.apple.product-type.application";
		};
		9416E6DB2B2418F7005A6930 /* SwiftUITabBarTests */ = {
			isa = PBXNativeTarget;
			buildConfigurationList = 9416E6F32B2418F7005A6930 /* Build configuration list for PBXNativeTarget "SwiftUITabBarTests" */;
			buildPhases = (
				9416E6D82B2418F7005A6930 /* Sources */,
				9416E6D92B2418F7005A6930 /* Frameworks */,
				9416E6DA2B2418F7005A6930 /* Resources */,
			);
			buildRules = (
			);
			dependencies = (
				9416E6DE2B2418F7005A6930 /* PBXTargetDependency */,
			);
			name = SwiftUITabBarTests;
			productName = SwiftUITabBarTests;
			productReference = 9416E6DC2B2418F7005A6930 /* SwiftUITabBarTests.xctest */;
			productType = "com.apple.product-type.bundle.unit-test";
		};
		9416E6E52B2418F7005A6930 /* SwiftUITabBarUITests */ = {
			isa = PBXNativeTarget;
			buildConfigurationList = 9416E6F62B2418F7005A6930 /* Build configuration list for PBXNativeTarget "SwiftUITabBarUITests" */;
			buildPhases = (
				9416E6E22B2418F7005A6930 /* Sources */,
				9416E6E32B2418F7005A6930 /* Frameworks */,
				9416E6E42B2418F7005A6930 /* Resources */,
			);
			buildRules = (
			);
			dependencies = (
				9416E6E82B2418F7005A6930 /* PBXTargetDependency */,
			);
			name = SwiftUITabBarUITests;
			productName = SwiftUITabBarUITests;
			productReference = 9416E6E62B2418F7005A6930 /* SwiftUITabBarUITests.xctest */;
			productType = "com.apple.product-type.bundle.ui-testing";
		};
/* End PBXNativeTarget section */

/* Begin PBXProject section */
		9416E6C42B2418F1005A6930 /* Project object */ = {
			isa = PBXProject;
			attributes = {
				BuildIndependentTargetsInParallel = 1;
				LastSwiftUpdateCheck = 1500;
				LastUpgradeCheck = 1500;
				TargetAttributes = {
					9416E6CB2B2418F1005A6930 = {
						CreatedOnToolsVersion = 15.0.1;
					};
					9416E6DB2B2418F7005A6930 = {
						CreatedOnToolsVersion = 15.0.1;
						TestTargetID = 9416E6CB2B2418F1005A6930;
					};
					9416E6E52B2418F7005A6930 = {
						CreatedOnToolsVersion = 15.0.1;
						TestTargetID = 9416E6CB2B2418F1005A6930;
					};
				};
			};
			buildConfigurationList = 9416E6C72B2418F1005A6930 /* Build configuration list for PBXProject "SwiftUITabBar" */;
			compatibilityVersion = "Xcode 14.0";
			developmentRegion = en;
			hasScannedForEncodings = 0;
			knownRegions = (
				en,
				Base,
			);
			mainGroup = 9416E6C32B2418F1005A6930;
			productRefGroup = 9416E6CD2B2418F1005A6930 /* Products */;
			projectDirPath = "";
			projectRoot = "";
			targets = (
				9416E6CB2B2418F1005A6930 /* SwiftUITabBar */,
				9416E6DB2B2418F7005A6930 /* SwiftUITabBarTests */,
				9416E6E52B2418F7005A6930 /* SwiftUITabBarUITests */,
			);
		};
/* End PBXProject section */

/* Begin PBXResourcesBuildPhase section */
		9416E6CA2B2418F1005A6930 /* Resources */ = {
			isa = PBXResourcesBuildPhase;
			buildActionMask = 2147483647;
			files = (
				9416E6D72B2418F6005A6930 /* Preview Assets.xcassets in Resources */,
				9416E6D42B2418F6005A6930 /* Assets.xcassets in Resources */,
			);
			runOnlyForDeploymentPostprocessing = 0;
		};
		9416E6DA2B2418F7005A6930 /* Resources */ = {
			isa = PBXResourcesBuildPhase;
			buildActionMask = 2147483647;
			files = (
			);
			runOnlyForDeploymentPostprocessing = 0;
		};
		9416E6E42B2418F7005A6930 /* Resources */ = {
			isa = PBXResourcesBuildPhase;
			buildActionMask = 2147483647;
			files = (
			);
			runOnlyForDeploymentPostprocessing = 0;
		};
/* End PBXResourcesBuildPhase section */

/* Begin PBXSourcesBuildPhase section */
		9416E6C82B2418F1005A6930 /* Sources */ = {
			isa = PBXSourcesBuildPhase;
			buildActionMask = 2147483647;
			files = (
				9462EDC32B282F1300703572 /* HomeView.swift in Sources */,
				9462EDC52B2830E700703572 /* DetailsView.swift in Sources */,
				9416E6FB2B2430E6005A6930 /* LKTabBarContainerView.swift in Sources */,
				9416E7012B245B06005A6930 /* LKTitles.swift in Sources */,
				94E5CB5F2B26E67A00872C8B /* LKTabBarItemsPreferenceKey.swift in Sources */,
				9416E6D22B2418F1005A6930 /* ContentView.swift in Sources */,
				9416E6FF2B24341B005A6930 /* LKTabBarItem.swift in Sources */,
				9416E6D02B2418F1005A6930 /* SwiftUITabBarApp.swift in Sources */,
				949698482B27F6E3002391B7 /* LKShapedTabBarView.swift in Sources */,
				9416E6FD2B243359005A6930 /* LKTabBarView.swift in Sources */,
			);
			runOnlyForDeploymentPostprocessing = 0;
		};
		9416E6D82B2418F7005A6930 /* Sources */ = {
			isa = PBXSourcesBuildPhase;
			buildActionMask = 2147483647;
			files = (
				9416E6E12B2418F7005A6930 /* SwiftUITabBarTests.swift in Sources */,
			);
			runOnlyForDeploymentPostprocessing = 0;
		};
		9416E6E22B2418F7005A6930 /* Sources */ = {
			isa = PBXSourcesBuildPhase;
			buildActionMask = 2147483647;
			files = (
				9416E6ED2B2418F7005A6930 /* SwiftUITabBarUITestsLaunchTests.swift in Sources */,
				9416E6EB2B2418F7005A6930 /* SwiftUITabBarUITests.swift in Sources */,
			);
			runOnlyForDeploymentPostprocessing = 0;
		};
/* End PBXSourcesBuildPhase section */

/* Begin PBXTargetDependency section */
		9416E6DE2B2418F7005A6930 /* PBXTargetDependency */ = {
			isa = PBXTargetDependency;
			target = 9416E6CB2B2418F1005A6930 /* SwiftUITabBar */;
			targetProxy = 9416E6DD2B2418F7005A6930 /* PBXContainerItemProxy */;
		};
		9416E6E82B2418F7005A6930 /* PBXTargetDependency */ = {
			isa = PBXTargetDependency;
			target = 9416E6CB2B2418F1005A6930 /* SwiftUITabBar */;
			targetProxy = 9416E6E72B2418F7005A6930 /* PBXContainerItemProxy */;
		};
/* End PBXTargetDependency section */

/* Begin XCBuildConfiguration section */
		9416E6EE2B2418F7005A6930 /* Debug */ = {
			isa = XCBuildConfiguration;
			buildSettings = {
				ALWAYS_SEARCH_USER_PATHS = NO;
				ASSETCATALOG_COMPILER_GENERATE_SWIFT_ASSET_SYMBOL_EXTENSIONS = YES;
				CLANG_ANALYZER_NONNULL = YES;
				CLANG_ANALYZER_NUMBER_OBJECT_CONVERSION = YES_AGGRESSIVE;
				CLANG_CXX_LANGUAGE_STANDARD = "gnu++20";
				CLANG_ENABLE_MODULES = YES;
				CLANG_ENABLE_OBJC_ARC = YES;
				CLANG_ENABLE_OBJC_WEAK = YES;
				CLANG_WARN_BLOCK_CAPTURE_AUTORELEASING = YES;
				CLANG_WARN_BOOL_CONVERSION = YES;
				CLANG_WARN_COMMA = YES;
				CLANG_WARN_CONSTANT_CONVERSION = YES;
				CLANG_WARN_DEPRECATED_OBJC_IMPLEMENTATIONS = YES;
				CLANG_WARN_DIRECT_OBJC_ISA_USAGE = YES_ERROR;
				CLANG_WARN_DOCUMENTATION_COMMENTS = YES;
				CLANG_WARN_EMPTY_BODY = YES;
				CLANG_WARN_ENUM_CONVERSION = YES;
				CLANG_WARN_INFINITE_RECURSION = YES;
				CLANG_WARN_INT_CONVERSION = YES;
				CLANG_WARN_NON_LITERAL_NULL_CONVERSION = YES;
				CLANG_WARN_OBJC_IMPLICIT_RETAIN_SELF = YES;
				CLANG_WARN_OBJC_LITERAL_CONVERSION = YES;
				CLANG_WARN_OBJC_ROOT_CLASS = YES_ERROR;
				CLANG_WARN_QUOTED_INCLUDE_IN_FRAMEWORK_HEADER = YES;
				CLANG_WARN_RANGE_LOOP_ANALYSIS = YES;
				CLANG_WARN_STRICT_PROTOTYPES = YES;
				CLANG_WARN_SUSPICIOUS_MOVE = YES;
				CLANG_WARN_UNGUARDED_AVAILABILITY = YES_AGGRESSIVE;
				CLANG_WARN_UNREACHABLE_CODE = YES;
				CLANG_WARN__DUPLICATE_METHOD_MATCH = YES;
				COPY_PHASE_STRIP = NO;
				DEBUG_INFORMATION_FORMAT = dwarf;
				ENABLE_STRICT_OBJC_MSGSEND = YES;
				ENABLE_TESTABILITY = YES;
				ENABLE_USER_SCRIPT_SANDBOXING = YES;
				GCC_C_LANGUAGE_STANDARD = gnu17;
				GCC_DYNAMIC_NO_PIC = NO;
				GCC_NO_COMMON_BLOCKS = YES;
				GCC_OPTIMIZATION_LEVEL = 0;
				GCC_PREPROCESSOR_DEFINITIONS = (
					"DEBUG=1",
					"$(inherited)",
				);
				GCC_WARN_64_TO_32_BIT_CONVERSION = YES;
				GCC_WARN_ABOUT_RETURN_TYPE = YES_ERROR;
				GCC_WARN_UNDECLARED_SELECTOR = YES;
				GCC_WARN_UNINITIALIZED_AUTOS = YES_AGGRESSIVE;
				GCC_WARN_UNUSED_FUNCTION = YES;
				GCC_WARN_UNUSED_VARIABLE = YES;
				IPHONEOS_DEPLOYMENT_TARGET = 17.0;
				LOCALIZATION_PREFERS_STRING_CATALOGS = YES;
				MTL_ENABLE_DEBUG_INFO = INCLUDE_SOURCE;
				MTL_FAST_MATH = YES;
				ONLY_ACTIVE_ARCH = YES;
				SDKROOT = iphoneos;
				SWIFT_ACTIVE_COMPILATION_CONDITIONS = "DEBUG $(inherited)";
				SWIFT_OPTIMIZATION_LEVEL = "-Onone";
			};
			name = Debug;
		};
		9416E6EF2B2418F7005A6930 /* Release */ = {
			isa = XCBuildConfiguration;
			buildSettings = {
				ALWAYS_SEARCH_USER_PATHS = NO;
				ASSETCATALOG_COMPILER_GENERATE_SWIFT_ASSET_SYMBOL_EXTENSIONS = YES;
				CLANG_ANALYZER_NONNULL = YES;
				CLANG_ANALYZER_NUMBER_OBJECT_CONVERSION = YES_AGGRESSIVE;
				CLANG_CXX_LANGUAGE_STANDARD = "gnu++20";
				CLANG_ENABLE_MODULES = YES;
				CLANG_ENABLE_OBJC_ARC = YES;
				CLANG_ENABLE_OBJC_WEAK = YES;
				CLANG_WARN_BLOCK_CAPTURE_AUTORELEASING = YES;
				CLANG_WARN_BOOL_CONVERSION = YES;
				CLANG_WARN_COMMA = YES;
				CLANG_WARN_CONSTANT_CONVERSION = YES;
				CLANG_WARN_DEPRECATED_OBJC_IMPLEMENTATIONS = YES;
				CLANG_WARN_DIRECT_OBJC_ISA_USAGE = YES_ERROR;
				CLANG_WARN_DOCUMENTATION_COMMENTS = YES;
				CLANG_WARN_EMPTY_BODY = YES;
				CLANG_WARN_ENUM_CONVERSION = YES;
				CLANG_WARN_INFINITE_RECURSION = YES;
				CLANG_WARN_INT_CONVERSION = YES;
				CLANG_WARN_NON_LITERAL_NULL_CONVERSION = YES;
				CLANG_WARN_OBJC_IMPLICIT_RETAIN_SELF = YES;
				CLANG_WARN_OBJC_LITERAL_CONVERSION = YES;
				CLANG_WARN_OBJC_ROOT_CLASS = YES_ERROR;
				CLANG_WARN_QUOTED_INCLUDE_IN_FRAMEWORK_HEADER = YES;
				CLANG_WARN_RANGE_LOOP_ANALYSIS = YES;
				CLANG_WARN_STRICT_PROTOTYPES = YES;
				CLANG_WARN_SUSPICIOUS_MOVE = YES;
				CLANG_WARN_UNGUARDED_AVAILABILITY = YES_AGGRESSIVE;
				CLANG_WARN_UNREACHABLE_CODE = YES;
				CLANG_WARN__DUPLICATE_METHOD_MATCH = YES;
				COPY_PHASE_STRIP = NO;
				DEBUG_INFORMATION_FORMAT = "dwarf-with-dsym";
				ENABLE_NS_ASSERTIONS = NO;
				ENABLE_STRICT_OBJC_MSGSEND = YES;
				ENABLE_USER_SCRIPT_SANDBOXING = YES;
				GCC_C_LANGUAGE_STANDARD = gnu17;
				GCC_NO_COMMON_BLOCKS = YES;
				GCC_WARN_64_TO_32_BIT_CONVERSION = YES;
				GCC_WARN_ABOUT_RETURN_TYPE = YES_ERROR;
				GCC_WARN_UNDECLARED_SELECTOR = YES;
				GCC_WARN_UNINITIALIZED_AUTOS = YES_AGGRESSIVE;
				GCC_WARN_UNUSED_FUNCTION = YES;
				GCC_WARN_UNUSED_VARIABLE = YES;
				IPHONEOS_DEPLOYMENT_TARGET = 17.0;
				LOCALIZATION_PREFERS_STRING_CATALOGS = YES;
				MTL_ENABLE_DEBUG_INFO = NO;
				MTL_FAST_MATH = YES;
				SDKROOT = iphoneos;
				SWIFT_COMPILATION_MODE = wholemodule;
				VALIDATE_PRODUCT = YES;
			};
			name = Release;
		};
		9416E6F12B2418F7005A6930 /* Debug */ = {
			isa = XCBuildConfiguration;
			buildSettings = {
				ASSETCATALOG_COMPILER_APPICON_NAME = AppIcon;
				ASSETCATALOG_COMPILER_GLOBAL_ACCENT_COLOR_NAME = AccentColor;
				CODE_SIGN_STYLE = Automatic;
				CURRENT_PROJECT_VERSION = 1;
				DEVELOPMENT_ASSET_PATHS = "\"SwiftUITabBar/Preview Content\"";
				DEVELOPMENT_TEAM = SR4JUG3LWB;
				ENABLE_PREVIEWS = YES;
				GENERATE_INFOPLIST_FILE = YES;
				INFOPLIST_KEY_CFBundleDisplayName = LKTabBar;
				INFOPLIST_KEY_UIApplicationSceneManifest_Generation = YES;
				INFOPLIST_KEY_UIApplicationSupportsIndirectInputEvents = YES;
				INFOPLIST_KEY_UILaunchScreen_Generation = YES;
				INFOPLIST_KEY_UISupportedInterfaceOrientations_iPad = "UIInterfaceOrientationPortrait UIInterfaceOrientationPortraitUpsideDown UIInterfaceOrientationLandscapeLeft UIInterfaceOrientationLandscapeRight";
				INFOPLIST_KEY_UISupportedInterfaceOrientations_iPhone = "UIInterfaceOrientationPortrait UIInterfaceOrientationLandscapeLeft UIInterfaceOrientationLandscapeRight";
				IPHONEOS_DEPLOYMENT_TARGET = 17.0;
				LD_RUNPATH_SEARCH_PATHS = (
					"$(inherited)",
					"@executable_path/Frameworks",
				);
				MARKETING_VERSION = 1.0;
				PRODUCT_BUNDLE_IDENTIFIER = com.hello.SwiftUITabBar;
				PRODUCT_NAME = "$(TARGET_NAME)";
				SWIFT_EMIT_LOC_STRINGS = YES;
				SWIFT_VERSION = 5.0;
				TARGETED_DEVICE_FAMILY = "1,2";
			};
			name = Debug;
		};
		9416E6F22B2418F7005A6930 /* Release */ = {
			isa = XCBuildConfiguration;
			buildSettings = {
				ASSETCATALOG_COMPILER_APPICON_NAME = AppIcon;
				ASSETCATALOG_COMPILER_GLOBAL_ACCENT_COLOR_NAME = AccentColor;
				CODE_SIGN_STYLE = Automatic;
				CURRENT_PROJECT_VERSION = 1;
				DEVELOPMENT_ASSET_PATHS = "\"SwiftUITabBar/Preview Content\"";
				DEVELOPMENT_TEAM = SR4JUG3LWB;
				ENABLE_PREVIEWS = YES;
				GENERATE_INFOPLIST_FILE = YES;
				INFOPLIST_KEY_CFBundleDisplayName = LKTabBar;
				INFOPLIST_KEY_UIApplicationSceneManifest_Generation = YES;
				INFOPLIST_KEY_UIApplicationSupportsIndirectInputEvents = YES;
				INFOPLIST_KEY_UILaunchScreen_Generation = YES;
				INFOPLIST_KEY_UISupportedInterfaceOrientations_iPad = "UIInterfaceOrientationPortrait UIInterfaceOrientationPortraitUpsideDown UIInterfaceOrientationLandscapeLeft UIInterfaceOrientationLandscapeRight";
				INFOPLIST_KEY_UISupportedInterfaceOrientations_iPhone = "UIInterfaceOrientationPortrait UIInterfaceOrientationLandscapeLeft UIInterfaceOrientationLandscapeRight";
				IPHONEOS_DEPLOYMENT_TARGET = 17.0;
				LD_RUNPATH_SEARCH_PATHS = (
					"$(inherited)",
					"@executable_path/Frameworks",
				);
				MARKETING_VERSION = 1.0;
				PRODUCT_BUNDLE_IDENTIFIER = com.hello.SwiftUITabBar;
				PRODUCT_NAME = "$(TARGET_NAME)";
				SWIFT_EMIT_LOC_STRINGS = YES;
				SWIFT_VERSION = 5.0;
				TARGETED_DEVICE_FAMILY = "1,2";
			};
			name = Release;
		};
		9416E6F42B2418F7005A6930 /* Debug */ = {
			isa = XCBuildConfiguration;
			buildSettings = {
				ALWAYS_EMBED_SWIFT_STANDARD_LIBRARIES = YES;
				BUNDLE_LOADER = "$(TEST_HOST)";
				CODE_SIGN_STYLE = Automatic;
				CURRENT_PROJECT_VERSION = 1;
				DEVELOPMENT_TEAM = SR4JUG3LWB;
				GENERATE_INFOPLIST_FILE = YES;
				IPHONEOS_DEPLOYMENT_TARGET = 17.0;
				MARKETING_VERSION = 1.0;
				PRODUCT_BUNDLE_IDENTIFIER = com.hello.SwiftUITabBarTests;
				PRODUCT_NAME = "$(TARGET_NAME)";
				SWIFT_EMIT_LOC_STRINGS = NO;
				SWIFT_VERSION = 5.0;
				TARGETED_DEVICE_FAMILY = "1,2";
				TEST_HOST = "$(BUILT_PRODUCTS_DIR)/SwiftUITabBar.app/$(BUNDLE_EXECUTABLE_FOLDER_PATH)/SwiftUITabBar";
			};
			name = Debug;
		};
		9416E6F52B2418F7005A6930 /* Release */ = {
			isa = XCBuildConfiguration;
			buildSettings = {
				ALWAYS_EMBED_SWIFT_STANDARD_LIBRARIES = YES;
				BUNDLE_LOADER = "$(TEST_HOST)";
				CODE_SIGN_STYLE = Automatic;
				CURRENT_PROJECT_VERSION = 1;
				DEVELOPMENT_TEAM = SR4JUG3LWB;
				GENERATE_INFOPLIST_FILE = YES;
				IPHONEOS_DEPLOYMENT_TARGET = 17.0;
				MARKETING_VERSION = 1.0;
				PRODUCT_BUNDLE_IDENTIFIER = com.hello.SwiftUITabBarTests;
				PRODUCT_NAME = "$(TARGET_NAME)";
				SWIFT_EMIT_LOC_STRINGS = NO;
				SWIFT_VERSION = 5.0;
				TARGETED_DEVICE_FAMILY = "1,2";
				TEST_HOST = "$(BUILT_PRODUCTS_DIR)/SwiftUITabBar.app/$(BUNDLE_EXECUTABLE_FOLDER_PATH)/SwiftUITabBar";
			};
			name = Release;
		};
		9416E6F72B2418F7005A6930 /* Debug */ = {
			isa = XCBuildConfiguration;
			buildSettings = {
				ALWAYS_EMBED_SWIFT_STANDARD_LIBRARIES = YES;
				CODE_SIGN_STYLE = Automatic;
				CURRENT_PROJECT_VERSION = 1;
				DEVELOPMENT_TEAM = SR4JUG3LWB;
				GENERATE_INFOPLIST_FILE = YES;
				MARKETING_VERSION = 1.0;
				PRODUCT_BUNDLE_IDENTIFIER = com.hello.SwiftUITabBarUITests;
				PRODUCT_NAME = "$(TARGET_NAME)";
				SWIFT_EMIT_LOC_STRINGS = NO;
				SWIFT_VERSION = 5.0;
				TARGETED_DEVICE_FAMILY = "1,2";
				TEST_TARGET_NAME = SwiftUITabBar;
			};
			name = Debug;
		};
		9416E6F82B2418F7005A6930 /* Release */ = {
			isa = XCBuildConfiguration;
			buildSettings = {
				ALWAYS_EMBED_SWIFT_STANDARD_LIBRARIES = YES;
				CODE_SIGN_STYLE = Automatic;
				CURRENT_PROJECT_VERSION = 1;
				DEVELOPMENT_TEAM = SR4JUG3LWB;
				GENERATE_INFOPLIST_FILE = YES;
				MARKETING_VERSION = 1.0;
				PRODUCT_BUNDLE_IDENTIFIER = com.hello.SwiftUITabBarUITests;
				PRODUCT_NAME = "$(TARGET_NAME)";
				SWIFT_EMIT_LOC_STRINGS = NO;
				SWIFT_VERSION = 5.0;
				TARGETED_DEVICE_FAMILY = "1,2";
				TEST_TARGET_NAME = SwiftUITabBar;
			};
			name = Release;
		};
/* End XCBuildConfiguration section */

/* Begin XCConfigurationList section */
		9416E6C72B2418F1005A6930 /* Build configuration list for PBXProject "SwiftUITabBar" */ = {
			isa = XCConfigurationList;
			buildConfigurations = (
				9416E6EE2B2418F7005A6930 /* Debug */,
				9416E6EF2B2418F7005A6930 /* Release */,
			);
			defaultConfigurationIsVisible = 0;
			defaultConfigurationName = Release;
		};
		9416E6F02B2418F7005A6930 /* Build configuration list for PBXNativeTarget "SwiftUITabBar" */ = {
			isa = XCConfigurationList;
			buildConfigurations = (
				9416E6F12B2418F7005A6930 /* Debug */,
				9416E6F22B2418F7005A6930 /* Release */,
			);
			defaultConfigurationIsVisible = 0;
			defaultConfigurationName = Release;
		};
		9416E6F32B2418F7005A6930 /* Build configuration list for PBXNativeTarget "SwiftUITabBarTests" */ = {
			isa = XCConfigurationList;
			buildConfigurations = (
				9416E6F42B2418F7005A6930 /* Debug */,
				9416E6F52B2418F7005A6930 /* Release */,
			);
			defaultConfigurationIsVisible = 0;
			defaultConfigurationName = Release;
		};
		9416E6F62B2418F7005A6930 /* Build configuration list for PBXNativeTarget "SwiftUITabBarUITests" */ = {
			isa = XCConfigurationList;
			buildConfigurations = (
				9416E6F72B2418F7005A6930 /* Debug */,
				9416E6F82B2418F7005A6930 /* Release */,
			);
			defaultConfigurationIsVisible = 0;
			defaultConfigurationName = Release;
		};
/* End XCConfigurationList section */
	};
	rootObject = 9416E6C42B2418F1005A6930 /* Project object */;
}
